
Microsoft Visual Studio Solution File, Format Version 12.00
# Visual Studio Version 16
VisualStudioVersion = 16.0.30503.244
MinimumVisualStudioVersion = 10.0.40219.1
Project("{FAE04EC0-301F-11D3-BF4B-00C04F79EFBC}") = "RubiksCube_2x2", "RubiksCube_2x2\RubiksCube_2x2.csproj", "{901B1C9B-676E-4019-992D-EC2DD6F6D2D8}"
EndProject
Project("{9A19103F-16F7-4668-BE54-9A1E7A4F7556}") = "DataLayerNoSQL", "DataLayerNoSQL\DataLayerNoSQL.csproj", "{8EE87D17-FCFF-498C-B4AD-6EE1D1ED783E}"
EndProject
Project("{FAE04EC0-301F-11D3-BF4B-00C04F79EFBC}") = "DataLayerNoSQL_Core", "DataLayerNoSQL_Core\DataLayerNoSQL_Core.csproj", "{2EAAAD86-3156-45BF-8F56-D3B4D46E8485}"
EndProject
Global
	GlobalSection(SolutionConfigurationPlatforms) = preSolution
		Debug|Any CPU = Debug|Any CPU
		Release|Any CPU = Release|Any CPU
	EndGlobalSection
	GlobalSection(ProjectConfigurationPlatforms) = postSolution
		{901B1C9B-676E-4019-992D-EC2DD6F6D2D8}.Debug|Any CPU.ActiveCfg = Debug|Any CPU
		{901B1C9B-676E-4019-992D-EC2DD6F6D2D8}.Debug|Any CPU.Build.0 = Debug|Any CPU
		{901B1C9B-676E-4019-992D-EC2DD6F6D2D8}.Release|Any CPU.ActiveCfg = Release|Any CPU
		{901B1C9B-676E-4019-992D-EC2DD6F6D2D8}.Release|Any CPU.Build.0 = Release|Any CPU
		{8EE87D17-FCFF-498C-B4AD-6EE1D1ED783E}.Debug|Any CPU.ActiveCfg = Debug|Any CPU
		{8EE87D17-FCFF-498C-B4AD-6EE1D1ED783E}.Debug|Any CPU.Build.0 = Debug|Any CPU
		{8EE87D17-FCFF-498C-B4AD-6EE1D1ED783E}.Release|Any CPU.ActiveCfg = Release|Any CPU
		{8EE87D17-FCFF-498C-B4AD-6EE1D1ED783E}.Release|Any CPU.Build.0 = Release|Any CPU
		{2EAAAD86-3156-45BF-8F56-D3B4D46E8485}.Debug|Any CPU.ActiveCfg = Debug|Any CPU
		{2EAAAD86-3156-45BF-8F56-D3B4D46E8485}.Debug|Any CPU.Build.0 = Debug|Any CPU
		{2EAAAD86-3156-45BF-8F56-D3B4D46E8485}.Release|Any CPU.ActiveCfg = Release|Any CPU
		{2EAAAD86-3156-45BF-8F56-D3B4D46E8485}.Release|Any CPU.Build.0 = Release|Any CPU
	EndGlobalSection
	GlobalSection(SolutionProperties) = preSolution
		HideSolutionNode = FALSE
	EndGlobalSection
	GlobalSection(ExtensibilityGlobals) = postSolution
		SolutionGuid = {259341E3-C492-4E41-9DDB-64C4758362CC}
	EndGlobalSection
EndGlobal
