
Microsoft Visual Studio Solution File, Format Version 12.00
# Visual Studio Version 17
VisualStudioVersion = 17.5.33627.172
MinimumVisualStudioVersion = 10.0.40219.1
Project("{FAE04EC0-301F-11D3-BF4B-00C04F79EFBC}") = "RubiksCube_2x2", "RubiksCube_2x2\RubiksCube_2x2.csproj", "{901B1C9B-676E-4019-992D-EC2DD6F6D2D8}"
EndProject
Project("{9A19103F-16F7-4668-BE54-9A1E7A4F7556}") = "DataLayerNoSQL", "DataLayerNoSQL\DataLayerNoSQL.csproj", "{8EE87D17-FCFF-498C-B4AD-6EE1D1ED783E}"
EndProject
Project("{9A19103F-16F7-4668-BE54-9A1E7A4F7556}") = "DataLayerNoSQL_Core", "DataLayerNoSQL_Core\DataLayerNoSQL_Core.csproj", "{2EAAAD86-3156-45BF-8F56-D3B4D46E8485}"
EndProject
Project("{FAE04EC0-301F-11D3-BF4B-00C04F79EFBC}") = "HorizontalScroller", "HorizontalScroller\HorizontalScroller.csproj", "{13563209-5BB9-4F63-B1F6-98941550A6DF}"
EndProject
Project("{888888A0-9F3D-457C-B088-3A5042F75D52}") = "Rubiks_Python_Hutchings", "Rubiks_Python\Rubiks_Python_Hutchings.pyproj", "{507576DE-9994-437A-A716-816CFDE4A3F8}"
EndProject
Project("{8BC9CEB8-8B4A-11D0-8D11-00A0C91BC942}") = "Rubiks2x2x2_CPP", "Rubiks2x2x2_CPP\Rubiks2x2x2_CPP.vcxproj", "{F6700A66-E3B7-4640-A380-C5A1017D83B8}"
EndProject
Global
	GlobalSection(SolutionConfigurationPlatforms) = preSolution
		Debug|Any CPU = Debug|Any CPU
		Debug|x64 = Debug|x64
		Debug|x86 = Debug|x86
		Release|Any CPU = Release|Any CPU
		Release|x64 = Release|x64
		Release|x86 = Release|x86
	EndGlobalSection
	GlobalSection(ProjectConfigurationPlatforms) = postSolution
		{901B1C9B-676E-4019-992D-EC2DD6F6D2D8}.Debug|Any CPU.ActiveCfg = Debug|Any CPU
		{901B1C9B-676E-4019-992D-EC2DD6F6D2D8}.Debug|Any CPU.Build.0 = Debug|Any CPU
		{901B1C9B-676E-4019-992D-EC2DD6F6D2D8}.Debug|x64.ActiveCfg = Debug|Any CPU
		{901B1C9B-676E-4019-992D-EC2DD6F6D2D8}.Debug|x64.Build.0 = Debug|Any CPU
		{901B1C9B-676E-4019-992D-EC2DD6F6D2D8}.Debug|x86.ActiveCfg = Debug|Any CPU
		{901B1C9B-676E-4019-992D-EC2DD6F6D2D8}.Debug|x86.Build.0 = Debug|Any CPU
		{901B1C9B-676E-4019-992D-EC2DD6F6D2D8}.Release|Any CPU.ActiveCfg = Release|Any CPU
		{901B1C9B-676E-4019-992D-EC2DD6F6D2D8}.Release|Any CPU.Build.0 = Release|Any CPU
		{901B1C9B-676E-4019-992D-EC2DD6F6D2D8}.Release|x64.ActiveCfg = Release|Any CPU
		{901B1C9B-676E-4019-992D-EC2DD6F6D2D8}.Release|x64.Build.0 = Release|Any CPU
		{901B1C9B-676E-4019-992D-EC2DD6F6D2D8}.Release|x86.ActiveCfg = Release|Any CPU
		{901B1C9B-676E-4019-992D-EC2DD6F6D2D8}.Release|x86.Build.0 = Release|Any CPU
		{8EE87D17-FCFF-498C-B4AD-6EE1D1ED783E}.Debug|Any CPU.ActiveCfg = Debug|Any CPU
		{8EE87D17-FCFF-498C-B4AD-6EE1D1ED783E}.Debug|Any CPU.Build.0 = Debug|Any CPU
		{8EE87D17-FCFF-498C-B4AD-6EE1D1ED783E}.Debug|x64.ActiveCfg = Debug|Any CPU
		{8EE87D17-FCFF-498C-B4AD-6EE1D1ED783E}.Debug|x64.Build.0 = Debug|Any CPU
		{8EE87D17-FCFF-498C-B4AD-6EE1D1ED783E}.Debug|x86.ActiveCfg = Debug|Any CPU
		{8EE87D17-FCFF-498C-B4AD-6EE1D1ED783E}.Debug|x86.Build.0 = Debug|Any CPU
		{8EE87D17-FCFF-498C-B4AD-6EE1D1ED783E}.Release|Any CPU.ActiveCfg = Release|Any CPU
		{8EE87D17-FCFF-498C-B4AD-6EE1D1ED783E}.Release|Any CPU.Build.0 = Release|Any CPU
		{8EE87D17-FCFF-498C-B4AD-6EE1D1ED783E}.Release|x64.ActiveCfg = Release|Any CPU
		{8EE87D17-FCFF-498C-B4AD-6EE1D1ED783E}.Release|x64.Build.0 = Release|Any CPU
		{8EE87D17-FCFF-498C-B4AD-6EE1D1ED783E}.Release|x86.ActiveCfg = Release|Any CPU
		{8EE87D17-FCFF-498C-B4AD-6EE1D1ED783E}.Release|x86.Build.0 = Release|Any CPU
		{2EAAAD86-3156-45BF-8F56-D3B4D46E8485}.Debug|Any CPU.ActiveCfg = Debug|Any CPU
		{2EAAAD86-3156-45BF-8F56-D3B4D46E8485}.Debug|Any CPU.Build.0 = Debug|Any CPU
		{2EAAAD86-3156-45BF-8F56-D3B4D46E8485}.Debug|x64.ActiveCfg = Debug|Any CPU
		{2EAAAD86-3156-45BF-8F56-D3B4D46E8485}.Debug|x64.Build.0 = Debug|Any CPU
		{2EAAAD86-3156-45BF-8F56-D3B4D46E8485}.Debug|x86.ActiveCfg = Debug|Any CPU
		{2EAAAD86-3156-45BF-8F56-D3B4D46E8485}.Debug|x86.Build.0 = Debug|Any CPU
		{2EAAAD86-3156-45BF-8F56-D3B4D46E8485}.Release|Any CPU.ActiveCfg = Release|Any CPU
		{2EAAAD86-3156-45BF-8F56-D3B4D46E8485}.Release|Any CPU.Build.0 = Release|Any CPU
		{2EAAAD86-3156-45BF-8F56-D3B4D46E8485}.Release|x64.ActiveCfg = Release|Any CPU
		{2EAAAD86-3156-45BF-8F56-D3B4D46E8485}.Release|x64.Build.0 = Release|Any CPU
		{2EAAAD86-3156-45BF-8F56-D3B4D46E8485}.Release|x86.ActiveCfg = Release|Any CPU
		{2EAAAD86-3156-45BF-8F56-D3B4D46E8485}.Release|x86.Build.0 = Release|Any CPU
		{13563209-5BB9-4F63-B1F6-98941550A6DF}.Debug|Any CPU.ActiveCfg = Debug|Any CPU
		{13563209-5BB9-4F63-B1F6-98941550A6DF}.Debug|Any CPU.Build.0 = Debug|Any CPU
		{13563209-5BB9-4F63-B1F6-98941550A6DF}.Debug|x64.ActiveCfg = Debug|Any CPU
		{13563209-5BB9-4F63-B1F6-98941550A6DF}.Debug|x64.Build.0 = Debug|Any CPU
		{13563209-5BB9-4F63-B1F6-98941550A6DF}.Debug|x86.ActiveCfg = Debug|Any CPU
		{13563209-5BB9-4F63-B1F6-98941550A6DF}.Debug|x86.Build.0 = Debug|Any CPU
		{13563209-5BB9-4F63-B1F6-98941550A6DF}.Release|Any CPU.ActiveCfg = Release|Any CPU
		{13563209-5BB9-4F63-B1F6-98941550A6DF}.Release|Any CPU.Build.0 = Release|Any CPU
		{13563209-5BB9-4F63-B1F6-98941550A6DF}.Release|x64.ActiveCfg = Release|Any CPU
		{13563209-5BB9-4F63-B1F6-98941550A6DF}.Release|x64.Build.0 = Release|Any CPU
		{13563209-5BB9-4F63-B1F6-98941550A6DF}.Release|x86.ActiveCfg = Release|Any CPU
		{13563209-5BB9-4F63-B1F6-98941550A6DF}.Release|x86.Build.0 = Release|Any CPU
		{507576DE-9994-437A-A716-816CFDE4A3F8}.Debug|Any CPU.ActiveCfg = Debug|Any CPU
		{507576DE-9994-437A-A716-816CFDE4A3F8}.Debug|x64.ActiveCfg = Debug|Any CPU
		{507576DE-9994-437A-A716-816CFDE4A3F8}.Debug|x86.ActiveCfg = Debug|Any CPU
		{507576DE-9994-437A-A716-816CFDE4A3F8}.Release|Any CPU.ActiveCfg = Release|Any CPU
		{507576DE-9994-437A-A716-816CFDE4A3F8}.Release|x64.ActiveCfg = Release|Any CPU
		{507576DE-9994-437A-A716-816CFDE4A3F8}.Release|x86.ActiveCfg = Release|Any CPU
		{F6700A66-E3B7-4640-A380-C5A1017D83B8}.Debug|Any CPU.ActiveCfg = Debug|x64
		{F6700A66-E3B7-4640-A380-C5A1017D83B8}.Debug|Any CPU.Build.0 = Debug|x64
		{F6700A66-E3B7-4640-A380-C5A1017D83B8}.Debug|x64.ActiveCfg = Debug|x64
		{F6700A66-E3B7-4640-A380-C5A1017D83B8}.Debug|x64.Build.0 = Debug|x64
		{F6700A66-E3B7-4640-A380-C5A1017D83B8}.Debug|x86.ActiveCfg = Debug|Win32
		{F6700A66-E3B7-4640-A380-C5A1017D83B8}.Debug|x86.Build.0 = Debug|Win32
		{F6700A66-E3B7-4640-A380-C5A1017D83B8}.Release|Any CPU.ActiveCfg = Release|x64
		{F6700A66-E3B7-4640-A380-C5A1017D83B8}.Release|Any CPU.Build.0 = Release|x64
		{F6700A66-E3B7-4640-A380-C5A1017D83B8}.Release|x64.ActiveCfg = Release|x64
		{F6700A66-E3B7-4640-A380-C5A1017D83B8}.Release|x64.Build.0 = Release|x64
		{F6700A66-E3B7-4640-A380-C5A1017D83B8}.Release|x86.ActiveCfg = Release|Win32
		{F6700A66-E3B7-4640-A380-C5A1017D83B8}.Release|x86.Build.0 = Release|Win32
	EndGlobalSection
	GlobalSection(SolutionProperties) = preSolution
		HideSolutionNode = FALSE
	EndGlobalSection
	GlobalSection(ExtensibilityGlobals) = postSolution
		SolutionGuid = {259341E3-C492-4E41-9DDB-64C4758362CC}
	EndGlobalSection
EndGlobal
